
Microsoft Visual Studio Solution File, Format Version 12.00
# Visual Studio 15
VisualStudioVersion = 15.0.28307.1340
MinimumVisualStudioVersion = 10.0.40219.1
Project("{FAE04EC0-301F-11D3-BF4B-00C04F79EFBC}") = "LeilaoNaNet", "LeilaoNaNet\LeilaoNaNet.csproj", "{F6A678D9-BE33-4973-9BB8-3AA326626DB6}"
EndProject
Global
	GlobalSection(SolutionConfigurationPlatforms) = preSolution
		Debug|Any CPU = Debug|Any CPU
		Release|Any CPU = Release|Any CPU
	EndGlobalSection
	GlobalSection(ProjectConfigurationPlatforms) = postSolution
		{F6A678D9-BE33-4973-9BB8-3AA326626DB6}.Debug|Any CPU.ActiveCfg = Debug|Any CPU
		{F6A678D9-BE33-4973-9BB8-3AA326626DB6}.Debug|Any CPU.Build.0 = Debug|Any CPU
		{F6A678D9-BE33-4973-9BB8-3AA326626DB6}.Release|Any CPU.ActiveCfg = Release|Any CPU
		{F6A678D9-BE33-4973-9BB8-3AA326626DB6}.Release|Any CPU.Build.0 = Release|Any CPU
	EndGlobalSection
	GlobalSection(SolutionProperties) = preSolution
		HideSolutionNode = FALSE
	EndGlobalSection
	GlobalSection(ExtensibilityGlobals) = postSolution
		SolutionGuid = {EDF96D0A-8A44-4892-88EB-7304996190D7}
	EndGlobalSection
EndGlobal
